
Microsoft Visual Studio Solution File, Format Version 12.00
# Visual Studio 15
VisualStudioVersion = 15.0.27130.2010
MinimumVisualStudioVersion = 10.0.40219.1
Project("{00D1A9C2-B5F0-4AF3-8072-F6C62B433612}") = "DeliciousFood", "DeliciousFood\DeliciousFood.sqlproj", "{AA50B406-57A2-4EFD-BF9A-0FDCD4AE5D6C}"
EndProject
Global
	GlobalSection(SolutionConfigurationPlatforms) = preSolution
		Debug|Any CPU = Debug|Any CPU
		Release|Any CPU = Release|Any CPU
	EndGlobalSection
	GlobalSection(ProjectConfigurationPlatforms) = postSolution
		{AA50B406-57A2-4EFD-BF9A-0FDCD4AE5D6C}.Debug|Any CPU.ActiveCfg = Debug|Any CPU
		{AA50B406-57A2-4EFD-BF9A-0FDCD4AE5D6C}.Debug|Any CPU.Build.0 = Debug|Any CPU
		{AA50B406-57A2-4EFD-BF9A-0FDCD4AE5D6C}.Debug|Any CPU.Deploy.0 = Debug|Any CPU
		{AA50B406-57A2-4EFD-BF9A-0FDCD4AE5D6C}.Release|Any CPU.ActiveCfg = Release|Any CPU
		{AA50B406-57A2-4EFD-BF9A-0FDCD4AE5D6C}.Release|Any CPU.Build.0 = Release|Any CPU
		{AA50B406-57A2-4EFD-BF9A-0FDCD4AE5D6C}.Release|Any CPU.Deploy.0 = Release|Any CPU
	EndGlobalSection
	GlobalSection(SolutionProperties) = preSolution
		HideSolutionNode = FALSE
	EndGlobalSection
	GlobalSection(ExtensibilityGlobals) = postSolution
		SolutionGuid = {CB995E8E-103C-4714-8C35-ECF985208961}
	EndGlobalSection
EndGlobal
